
Microsoft Visual Studio Solution File, Format Version 12.00
# Visual Studio 2017
Project("{FAE04EC0-301F-11D3-BF4B-00C04F79EFBC}") = "DatingApp.API", "DatingApp.API.csproj", "{8E5D3A3A-5817-423A-B92E-9A66A7B5EE4C}"
EndProject
Global
	GlobalSection(SolutionConfigurationPlatforms) = preSolution
		Debug|Any CPU = Debug|Any CPU
		Release|Any CPU = Release|Any CPU
	EndGlobalSection
	GlobalSection(ProjectConfigurationPlatforms) = postSolution
		{8E5D3A3A-5817-423A-B92E-9A66A7B5EE4C}.Debug|Any CPU.ActiveCfg = Debug|Any CPU
		{8E5D3A3A-5817-423A-B92E-9A66A7B5EE4C}.Debug|Any CPU.Build.0 = Debug|Any CPU
		{8E5D3A3A-5817-423A-B92E-9A66A7B5EE4C}.Release|Any CPU.ActiveCfg = Release|Any CPU
		{8E5D3A3A-5817-423A-B92E-9A66A7B5EE4C}.Release|Any CPU.Build.0 = Release|Any CPU
	EndGlobalSection
EndGlobal
